
Microsoft Visual Studio Solution File, Format Version 12.00
# Visual Studio 15
VisualStudioVersion = 15.0.27130.0
MinimumVisualStudioVersion = 10.0.40219.1
Project("{FAE04EC0-301F-11D3-BF4B-00C04F79EFBC}") = "hello-mvc2.0", "hello-mvc2.0\hello-mvc2.0.csproj", "{248B180A-76AA-4950-B302-AD18655DB96A}"
EndProject
Project("{E53339B2-1760-4266-BCC7-CA923CBCF16C}") = "docker-compose", "docker-compose.dcproj", "{9E5550DC-9C55-4AA1-8AE6-E3A660E2C54C}"
EndProject
Global
	GlobalSection(SolutionConfigurationPlatforms) = preSolution
		Debug|Any CPU = Debug|Any CPU
		Release|Any CPU = Release|Any CPU
	EndGlobalSection
	GlobalSection(ProjectConfigurationPlatforms) = postSolution
		{248B180A-76AA-4950-B302-AD18655DB96A}.Debug|Any CPU.ActiveCfg = Debug|Any CPU
		{248B180A-76AA-4950-B302-AD18655DB96A}.Debug|Any CPU.Build.0 = Debug|Any CPU
		{248B180A-76AA-4950-B302-AD18655DB96A}.Release|Any CPU.ActiveCfg = Release|Any CPU
		{248B180A-76AA-4950-B302-AD18655DB96A}.Release|Any CPU.Build.0 = Release|Any CPU
		{9E5550DC-9C55-4AA1-8AE6-E3A660E2C54C}.Debug|Any CPU.ActiveCfg = Debug|Any CPU
		{9E5550DC-9C55-4AA1-8AE6-E3A660E2C54C}.Debug|Any CPU.Build.0 = Debug|Any CPU
		{9E5550DC-9C55-4AA1-8AE6-E3A660E2C54C}.Release|Any CPU.ActiveCfg = Release|Any CPU
		{9E5550DC-9C55-4AA1-8AE6-E3A660E2C54C}.Release|Any CPU.Build.0 = Release|Any CPU
	EndGlobalSection
	GlobalSection(SolutionProperties) = preSolution
		HideSolutionNode = FALSE
	EndGlobalSection
	GlobalSection(ExtensibilityGlobals) = postSolution
		SolutionGuid = {758E7E0F-2E1A-41C7-90CF-D45FEFE1350D}
	EndGlobalSection
EndGlobal
